Microsoft Visual Studio Solution File, Format Version 8.00
Project("{8BC9CEB8-8B4A-11D0-8D11-00A0C91BC942}") = "PmtAccessor", "PmtAccessor.vcproj", "{B5284EA4-07D0-4F39-BCE7-0B87AF9B5E03}"
	ProjectSection(ProjectDependencies) = postProject
		{ECCF5D22-B05E-4AB0-9A58-77FC4594CAB3} = {ECCF5D22-B05E-4AB0-9A58-77FC4594CAB3}
	EndProjectSection
EndProject
Project("{8BC9CEB8-8B4A-11D0-8D11-00A0C91BC942}") = "PmtCore", "PmtCore.vcproj", "{ECCF5D22-B05E-4AB0-9A58-77FC4594CAB3}"
	ProjectSection(ProjectDependencies) = postProject
		{7EA18D87-FB09-4E29-90EE-7D83C09C7983} = {7EA18D87-FB09-4E29-90EE-7D83C09C7983}
	EndProjectSection
EndProject
Project("{8BC9CEB8-8B4A-11D0-8D11-00A0C91BC942}") = "_BuildAllStatic", "BuildAllStatic\_BuildAllStatic.vcproj", "{8B066C1D-0C91-46FE-97C6-C5923DB3D8EC}"
	ProjectSection(ProjectDependencies) = postProject
		{DABA5515-8EAE-4E2B-A680-82CF230DB183} = {DABA5515-8EAE-4E2B-A680-82CF230DB183}
		{CE608A15-635D-4060-A654-4CE8CB16A33A} = {CE608A15-635D-4060-A654-4CE8CB16A33A}
		{ECCF5D22-B05E-4AB0-9A58-77FC4594CAB3} = {ECCF5D22-B05E-4AB0-9A58-77FC4594CAB3}
		{ADDC3D84-626D-4545-9856-036C721700E9} = {ADDC3D84-626D-4545-9856-036C721700E9}
		{7EA18D87-FB09-4E29-90EE-7D83C09C7983} = {7EA18D87-FB09-4E29-90EE-7D83C09C7983}
		{B5284EA4-07D0-4F39-BCE7-0B87AF9B5E03} = {B5284EA4-07D0-4F39-BCE7-0B87AF9B5E03}
		{B3AD91B1-36A8-481D-8B52-2925E0E116EF} = {B3AD91B1-36A8-481D-8B52-2925E0E116EF}
	EndProjectSection
EndProject
Project("{8BC9CEB8-8B4A-11D0-8D11-00A0C91BC942}") = "ek", "Ek.vcproj", "{7EA18D87-FB09-4E29-90EE-7D83C09C7983}"
	ProjectSection(ProjectDependencies) = postProject
	EndProjectSection
EndProject
Project("{8BC9CEB8-8B4A-11D0-8D11-00A0C91BC942}") = "PmtInterpreterTest", "PmtInterpreterTest.vcproj", "{DABA5515-8EAE-4E2B-A680-82CF230DB183}"
	ProjectSection(ProjectDependencies) = postProject
		{ECCF5D22-B05E-4AB0-9A58-77FC4594CAB3} = {ECCF5D22-B05E-4AB0-9A58-77FC4594CAB3}
		{7EA18D87-FB09-4E29-90EE-7D83C09C7983} = {7EA18D87-FB09-4E29-90EE-7D83C09C7983}
	EndProjectSection
EndProject
Project("{8BC9CEB8-8B4A-11D0-8D11-00A0C91BC942}") = "AccessorTest", "AccessorTest.vcproj", "{B3AD91B1-36A8-481D-8B52-2925E0E116EF}"
	ProjectSection(ProjectDependencies) = postProject
		{ECCF5D22-B05E-4AB0-9A58-77FC4594CAB3} = {ECCF5D22-B05E-4AB0-9A58-77FC4594CAB3}
		{7EA18D87-FB09-4E29-90EE-7D83C09C7983} = {7EA18D87-FB09-4E29-90EE-7D83C09C7983}
		{B5284EA4-07D0-4F39-BCE7-0B87AF9B5E03} = {B5284EA4-07D0-4F39-BCE7-0B87AF9B5E03}
	EndProjectSection
EndProject
Project("{8BC9CEB8-8B4A-11D0-8D11-00A0C91BC942}") = "NSTest", "NSTest.vcproj", "{CE608A15-635D-4060-A654-4CE8CB16A33A}"
	ProjectSection(ProjectDependencies) = postProject
		{ECCF5D22-B05E-4AB0-9A58-77FC4594CAB3} = {ECCF5D22-B05E-4AB0-9A58-77FC4594CAB3}
		{7EA18D87-FB09-4E29-90EE-7D83C09C7983} = {7EA18D87-FB09-4E29-90EE-7D83C09C7983}
	EndProjectSection
EndProject
Project("{8BC9CEB8-8B4A-11D0-8D11-00A0C91BC942}") = "VisitorTest", "VisitorTest.vcproj", "{ADDC3D84-626D-4545-9856-036C721700E9}"
	ProjectSection(ProjectDependencies) = postProject
		{ECCF5D22-B05E-4AB0-9A58-77FC4594CAB3} = {ECCF5D22-B05E-4AB0-9A58-77FC4594CAB3}
		{7EA18D87-FB09-4E29-90EE-7D83C09C7983} = {7EA18D87-FB09-4E29-90EE-7D83C09C7983}
		{B5284EA4-07D0-4F39-BCE7-0B87AF9B5E03} = {B5284EA4-07D0-4F39-BCE7-0B87AF9B5E03}
	EndProjectSection
EndProject
Project("{8BC9CEB8-8B4A-11D0-8D11-00A0C91BC942}") = "pmtDataList", "pmtDataList.vcproj", "{9F3766B7-1FAF-4928-B14D-F32D0E6B616D}"
	ProjectSection(ProjectDependencies) = postProject
		{ECCF5D22-B05E-4AB0-9A58-77FC4594CAB3} = {ECCF5D22-B05E-4AB0-9A58-77FC4594CAB3}
		{7EA18D87-FB09-4E29-90EE-7D83C09C7983} = {7EA18D87-FB09-4E29-90EE-7D83C09C7983}
		{B5284EA4-07D0-4F39-BCE7-0B87AF9B5E03} = {B5284EA4-07D0-4F39-BCE7-0B87AF9B5E03}
	EndProjectSection
EndProject
Project("{8BC9CEB8-8B4A-11D0-8D11-00A0C91BC942}") = "PmtPcdCreator", "..\..\..\examples\PmtPcdCreator\PmtPcdCreator.vcproj", "{B41D6C61-1F46-4434-9115-8B9B4615E97F}"
	ProjectSection(ProjectDependencies) = postProject
		{ECCF5D22-B05E-4AB0-9A58-77FC4594CAB3} = {ECCF5D22-B05E-4AB0-9A58-77FC4594CAB3}
		{7EA18D87-FB09-4E29-90EE-7D83C09C7983} = {7EA18D87-FB09-4E29-90EE-7D83C09C7983}
		{B5284EA4-07D0-4F39-BCE7-0B87AF9B5E03} = {B5284EA4-07D0-4F39-BCE7-0B87AF9B5E03}
	EndProjectSection
EndProject
Global
	GlobalSection(SolutionConfiguration) = preSolution
		Debug = Debug
		Release = Release
		Unicode Debug = Unicode Debug
		Unicode Release = Unicode Release
		DLL Debug = DLL Debug
		DLL Release = DLL Release
		DLL Unicode Debug = DLL Unicode Debug
		DLL Unicode Release = DLL Unicode Release
	EndGlobalSection
	GlobalSection(ProjectConfiguration) = postSolution
		{B5284EA4-07D0-4F39-BCE7-0B87AF9B5E03}.Debug.ActiveCfg = Debug|Win32
		{B5284EA4-07D0-4F39-BCE7-0B87AF9B5E03}.Debug.Build.0 = Debug|Win32
		{B5284EA4-07D0-4F39-BCE7-0B87AF9B5E03}.Release.ActiveCfg = Release|Win32
		{B5284EA4-07D0-4F39-BCE7-0B87AF9B5E03}.Release.Build.0 = Release|Win32
		{B5284EA4-07D0-4F39-BCE7-0B87AF9B5E03}.Unicode Debug.ActiveCfg = Unicode Debug|Win32
		{B5284EA4-07D0-4F39-BCE7-0B87AF9B5E03}.Unicode Debug.Build.0 = Unicode Debug|Win32
		{B5284EA4-07D0-4F39-BCE7-0B87AF9B5E03}.Unicode Release.ActiveCfg = Unicode Release|Win32
		{B5284EA4-07D0-4F39-BCE7-0B87AF9B5E03}.Unicode Release.Build.0 = Unicode Release|Win32
		{ECCF5D22-B05E-4AB0-9A58-77FC4594CAB3}.Debug.ActiveCfg = Debug|Win32
		{ECCF5D22-B05E-4AB0-9A58-77FC4594CAB3}.Debug.Build.0 = Debug|Win32
		{ECCF5D22-B05E-4AB0-9A58-77FC4594CAB3}.Release.ActiveCfg = Release|Win32
		{ECCF5D22-B05E-4AB0-9A58-77FC4594CAB3}.Release.Build.0 = Release|Win32
		{ECCF5D22-B05E-4AB0-9A58-77FC4594CAB3}.Unicode Debug.ActiveCfg = Unicode Debug|Win32
		{ECCF5D22-B05E-4AB0-9A58-77FC4594CAB3}.Unicode Debug.Build.0 = Unicode Debug|Win32
		{ECCF5D22-B05E-4AB0-9A58-77FC4594CAB3}.Unicode Release.ActiveCfg = Unicode Release|Win32
		{ECCF5D22-B05E-4AB0-9A58-77FC4594CAB3}.Unicode Release.Build.0 = Unicode Release|Win32
		{8B066C1D-0C91-46FE-97C6-C5923DB3D8EC}.Debug.ActiveCfg = Debug|Win32
		{8B066C1D-0C91-46FE-97C6-C5923DB3D8EC}.Debug.Build.0 = Debug|Win32
		{8B066C1D-0C91-46FE-97C6-C5923DB3D8EC}.Release.ActiveCfg = Release|Win32
		{8B066C1D-0C91-46FE-97C6-C5923DB3D8EC}.Release.Build.0 = Release|Win32
		{8B066C1D-0C91-46FE-97C6-C5923DB3D8EC}.Unicode Debug.ActiveCfg = Unicode Debug|Win32
		{8B066C1D-0C91-46FE-97C6-C5923DB3D8EC}.Unicode Debug.Build.0 = Unicode Debug|Win32
		{8B066C1D-0C91-46FE-97C6-C5923DB3D8EC}.Unicode Release.ActiveCfg = Unicode Release|Win32
		{8B066C1D-0C91-46FE-97C6-C5923DB3D8EC}.Unicode Release.Build.0 = Unicode Release|Win32
		{7EA18D87-FB09-4E29-90EE-7D83C09C7983}.Debug.ActiveCfg = Debug|Win32
		{7EA18D87-FB09-4E29-90EE-7D83C09C7983}.Debug.Build.0 = Debug|Win32
		{7EA18D87-FB09-4E29-90EE-7D83C09C7983}.Release.ActiveCfg = Release|Win32
		{7EA18D87-FB09-4E29-90EE-7D83C09C7983}.Release.Build.0 = Release|Win32
		{7EA18D87-FB09-4E29-90EE-7D83C09C7983}.Unicode Debug.ActiveCfg = Unicode Debug|Win32
		{7EA18D87-FB09-4E29-90EE-7D83C09C7983}.Unicode Debug.Build.0 = Unicode Debug|Win32
		{7EA18D87-FB09-4E29-90EE-7D83C09C7983}.Unicode Release.ActiveCfg = Unicode Release|Win32
		{7EA18D87-FB09-4E29-90EE-7D83C09C7983}.Unicode Release.Build.0 = Unicode Release|Win32
		{DABA5515-8EAE-4E2B-A680-82CF230DB183}.Debug.ActiveCfg = Debug|Win32
		{DABA5515-8EAE-4E2B-A680-82CF230DB183}.Debug.Build.0 = Debug|Win32
		{DABA5515-8EAE-4E2B-A680-82CF230DB183}.Release.ActiveCfg = Release|Win32
		{DABA5515-8EAE-4E2B-A680-82CF230DB183}.Release.Build.0 = Release|Win32
		{DABA5515-8EAE-4E2B-A680-82CF230DB183}.Unicode Debug.ActiveCfg = Unicode Debug|Win32
		{DABA5515-8EAE-4E2B-A680-82CF230DB183}.Unicode Debug.Build.0 = Unicode Debug|Win32
		{DABA5515-8EAE-4E2B-A680-82CF230DB183}.Unicode Release.ActiveCfg = Unicode Release|Win32
		{DABA5515-8EAE-4E2B-A680-82CF230DB183}.Unicode Release.Build.0 = Unicode Release|Win32
		{B3AD91B1-36A8-481D-8B52-2925E0E116EF}.Debug.ActiveCfg = Debug|Win32
		{B3AD91B1-36A8-481D-8B52-2925E0E116EF}.Debug.Build.0 = Debug|Win32
		{B3AD91B1-36A8-481D-8B52-2925E0E116EF}.Release.ActiveCfg = Release|Win32
		{B3AD91B1-36A8-481D-8B52-2925E0E116EF}.Release.Build.0 = Release|Win32
		{B3AD91B1-36A8-481D-8B52-2925E0E116EF}.Unicode Debug.ActiveCfg = Unicode Debug|Win32
		{B3AD91B1-36A8-481D-8B52-2925E0E116EF}.Unicode Debug.Build.0 = Unicode Debug|Win32
		{B3AD91B1-36A8-481D-8B52-2925E0E116EF}.Unicode Release.ActiveCfg = Unicode Release|Win32
		{B3AD91B1-36A8-481D-8B52-2925E0E116EF}.Unicode Release.Build.0 = Unicode Release|Win32
		{CE608A15-635D-4060-A654-4CE8CB16A33A}.Debug.ActiveCfg = Debug|Win32
		{CE608A15-635D-4060-A654-4CE8CB16A33A}.Debug.Build.0 = Debug|Win32
		{CE608A15-635D-4060-A654-4CE8CB16A33A}.Release.ActiveCfg = Release|Win32
		{CE608A15-635D-4060-A654-4CE8CB16A33A}.Release.Build.0 = Release|Win32
		{CE608A15-635D-4060-A654-4CE8CB16A33A}.Unicode Debug.ActiveCfg = Debug|Win32
		{CE608A15-635D-4060-A654-4CE8CB16A33A}.Unicode Debug.Build.0 = Debug|Win32
		{CE608A15-635D-4060-A654-4CE8CB16A33A}.Unicode Release.ActiveCfg = Release|Win32
		{CE608A15-635D-4060-A654-4CE8CB16A33A}.Unicode Release.Build.0 = Release|Win32
		{ADDC3D84-626D-4545-9856-036C721700E9}.Debug.ActiveCfg = Debug|Win32
		{ADDC3D84-626D-4545-9856-036C721700E9}.Debug.Build.0 = Debug|Win32
		{ADDC3D84-626D-4545-9856-036C721700E9}.Release.ActiveCfg = Release|Win32
		{ADDC3D84-626D-4545-9856-036C721700E9}.Release.Build.0 = Release|Win32
		{ADDC3D84-626D-4545-9856-036C721700E9}.Unicode Debug.ActiveCfg = Unicode Debug|Win32
		{ADDC3D84-626D-4545-9856-036C721700E9}.Unicode Debug.Build.0 = Unicode Debug|Win32
		{ADDC3D84-626D-4545-9856-036C721700E9}.Unicode Release.ActiveCfg = Unicode Release|Win32
		{ADDC3D84-626D-4545-9856-036C721700E9}.Unicode Release.Build.0 = Unicode Release|Win32
		{9F3766B7-1FAF-4928-B14D-F32D0E6B616D}.Debug.ActiveCfg = Debug|Win32
		{9F3766B7-1FAF-4928-B14D-F32D0E6B616D}.Debug.Build.0 = Debug|Win32
		{9F3766B7-1FAF-4928-B14D-F32D0E6B616D}.Release.ActiveCfg = Release|Win32
		{9F3766B7-1FAF-4928-B14D-F32D0E6B616D}.Release.Build.0 = Release|Win32
		{9F3766B7-1FAF-4928-B14D-F32D0E6B616D}.Unicode Debug.ActiveCfg = Unicode Debug|Win32
		{9F3766B7-1FAF-4928-B14D-F32D0E6B616D}.Unicode Debug.Build.0 = Unicode Debug|Win32
		{9F3766B7-1FAF-4928-B14D-F32D0E6B616D}.Unicode Release.ActiveCfg = Unicode Release|Win32
		{9F3766B7-1FAF-4928-B14D-F32D0E6B616D}.Unicode Release.Build.0 = Unicode Release|Win32
		{B41D6C61-1F46-4434-9115-8B9B4615E97F}.Debug.ActiveCfg = Debug|Win32
		{B41D6C61-1F46-4434-9115-8B9B4615E97F}.Debug.Build.0 = Debug|Win32
		{B41D6C61-1F46-4434-9115-8B9B4615E97F}.Release.ActiveCfg = Release|Win32
		{B41D6C61-1F46-4434-9115-8B9B4615E97F}.Release.Build.0 = Release|Win32
		{B41D6C61-1F46-4434-9115-8B9B4615E97F}.Unicode Debug.ActiveCfg = Unicode Debug|Win32
		{B41D6C61-1F46-4434-9115-8B9B4615E97F}.Unicode Debug.Build.0 = Unicode Debug|Win32
		{B41D6C61-1F46-4434-9115-8B9B4615E97F}.Unicode Release.ActiveCfg = Unicode Release|Win32
		{B41D6C61-1F46-4434-9115-8B9B4615E97F}.Unicode Release.Build.0 = Unicode Release|Win32
		{B5284EA4-07D0-4F39-BCE7-0B87AF9B5E03}.DLL Debug.ActiveCfg = DLL Debug|Win32
		{B5284EA4-07D0-4F39-BCE7-0B87AF9B5E03}.DLL Debug.Build.0 = DLL Debug|Win32
		{B5284EA4-07D0-4F39-BCE7-0B87AF9B5E03}.DLL Release.ActiveCfg = DLL Release|Win32
		{B5284EA4-07D0-4F39-BCE7-0B87AF9B5E03}.DLL Release.Build.0 = DLL Release|Win32
		{B5284EA4-07D0-4F39-BCE7-0B87AF9B5E03}.DLL Unicode Debug.ActiveCfg = DLL Unicode Debug|Win32
		{B5284EA4-07D0-4F39-BCE7-0B87AF9B5E03}.DLL Unicode Debug.Build.0 = DLL Unicode Debug|Win32
		{B5284EA4-07D0-4F39-BCE7-0B87AF9B5E03}.DLL Unicode Release.ActiveCfg = DLL Unicode Release|Win32
		{B5284EA4-07D0-4F39-BCE7-0B87AF9B5E03}.DLL Unicode Release.Build.0 = DLL Unicode Release|Win32
		{ECCF5D22-B05E-4AB0-9A58-77FC4594CAB3}.DLL Debug.ActiveCfg = DLL Debug|Win32
		{ECCF5D22-B05E-4AB0-9A58-77FC4594CAB3}.DLL Debug.Build.0 = DLL Debug|Win32
		{ECCF5D22-B05E-4AB0-9A58-77FC4594CAB3}.DLL Release.ActiveCfg = DLL Release|Win32
		{ECCF5D22-B05E-4AB0-9A58-77FC4594CAB3}.DLL Release.Build.0 = DLL Release|Win32
		{ECCF5D22-B05E-4AB0-9A58-77FC4594CAB3}.DLL Unicode Debug.ActiveCfg = DLL Unicode Debug|Win32
		{ECCF5D22-B05E-4AB0-9A58-77FC4594CAB3}.DLL Unicode Debug.Build.0 = DLL Unicode Debug|Win32
		{ECCF5D22-B05E-4AB0-9A58-77FC4594CAB3}.DLL Unicode Release.ActiveCfg = DLL Unicode Release|Win32
		{ECCF5D22-B05E-4AB0-9A58-77FC4594CAB3}.DLL Unicode Release.Build.0 = DLL Unicode Release|Win32
		{8B066C1D-0C91-46FE-97C6-C5923DB3D8EC}.DLL Debug.ActiveCfg = DLL Debug|Win32
		{8B066C1D-0C91-46FE-97C6-C5923DB3D8EC}.DLL Debug.Build.0 = DLL Debug|Win32
		{8B066C1D-0C91-46FE-97C6-C5923DB3D8EC}.DLL Release.ActiveCfg = DLL Release|Win32
		{8B066C1D-0C91-46FE-97C6-C5923DB3D8EC}.DLL Release.Build.0 = DLL Release|Win32
		{8B066C1D-0C91-46FE-97C6-C5923DB3D8EC}.DLL Unicode Debug.ActiveCfg = DLL Unicode Debug|Win32
		{8B066C1D-0C91-46FE-97C6-C5923DB3D8EC}.DLL Unicode Debug.Build.0 = DLL Unicode Debug|Win32
		{8B066C1D-0C91-46FE-97C6-C5923DB3D8EC}.DLL Unicode Release.ActiveCfg = DLL Unicode Release|Win32
		{8B066C1D-0C91-46FE-97C6-C5923DB3D8EC}.DLL Unicode Release.Build.0 = DLL Unicode Release|Win32
		{7EA18D87-FB09-4E29-90EE-7D83C09C7983}.DLL Debug.ActiveCfg = DLL Debug|Win32
		{7EA18D87-FB09-4E29-90EE-7D83C09C7983}.DLL Debug.Build.0 = DLL Debug|Win32
		{7EA18D87-FB09-4E29-90EE-7D83C09C7983}.DLL Release.ActiveCfg = DLL Release|Win32
		{7EA18D87-FB09-4E29-90EE-7D83C09C7983}.DLL Release.Build.0 = DLL Release|Win32
		{7EA18D87-FB09-4E29-90EE-7D83C09C7983}.DLL Unicode Debug.ActiveCfg = DLL Unicode Debug|Win32
		{7EA18D87-FB09-4E29-90EE-7D83C09C7983}.DLL Unicode Debug.Build.0 = DLL Unicode Debug|Win32
		{7EA18D87-FB09-4E29-90EE-7D83C09C7983}.DLL Unicode Release.ActiveCfg = DLL Unicode Release|Win32
		{7EA18D87-FB09-4E29-90EE-7D83C09C7983}.DLL Unicode Release.Build.0 = DLL Unicode Release|Win32
		{DABA5515-8EAE-4E2B-A680-82CF230DB183}.DLL Debug.ActiveCfg = DLL Debug|Win32
		{DABA5515-8EAE-4E2B-A680-82CF230DB183}.DLL Debug.Build.0 = DLL Debug|Win32
		{DABA5515-8EAE-4E2B-A680-82CF230DB183}.DLL Release.ActiveCfg = DLL Release|Win32
		{DABA5515-8EAE-4E2B-A680-82CF230DB183}.DLL Release.Build.0 = DLL Release|Win32
		{DABA5515-8EAE-4E2B-A680-82CF230DB183}.DLL Unicode Debug.ActiveCfg = DLL Unicode Debug|Win32
		{DABA5515-8EAE-4E2B-A680-82CF230DB183}.DLL Unicode Debug.Build.0 = DLL Unicode Debug|Win32
		{DABA5515-8EAE-4E2B-A680-82CF230DB183}.DLL Unicode Release.ActiveCfg = DLL Unicode Release|Win32
		{DABA5515-8EAE-4E2B-A680-82CF230DB183}.DLL Unicode Release.Build.0 = DLL Unicode Release|Win32
		{B3AD91B1-36A8-481D-8B52-2925E0E116EF}.DLL Debug.ActiveCfg = DLL Debug|Win32
		{B3AD91B1-36A8-481D-8B52-2925E0E116EF}.DLL Debug.Build.0 = DLL Debug|Win32
		{B3AD91B1-36A8-481D-8B52-2925E0E116EF}.DLL Release.ActiveCfg = DLL Release|Win32
		{B3AD91B1-36A8-481D-8B52-2925E0E116EF}.DLL Release.Build.0 = DLL Release|Win32
		{B3AD91B1-36A8-481D-8B52-2925E0E116EF}.DLL Unicode Debug.ActiveCfg = DLL Unicode Debug|Win32
		{B3AD91B1-36A8-481D-8B52-2925E0E116EF}.DLL Unicode Debug.Build.0 = DLL Unicode Debug|Win32
		{B3AD91B1-36A8-481D-8B52-2925E0E116EF}.DLL Unicode Release.ActiveCfg = DLL Unicode Release|Win32
		{B3AD91B1-36A8-481D-8B52-2925E0E116EF}.DLL Unicode Release.Build.0 = DLL Unicode Release|Win32
		{CE608A15-635D-4060-A654-4CE8CB16A33A}.DLL Debug.ActiveCfg = DLL Debug|Win32
		{CE608A15-635D-4060-A654-4CE8CB16A33A}.DLL Debug.Build.0 = DLL Debug|Win32
		{CE608A15-635D-4060-A654-4CE8CB16A33A}.DLL Release.ActiveCfg = DLL Release|Win32
		{CE608A15-635D-4060-A654-4CE8CB16A33A}.DLL Release.Build.0 = DLL Release|Win32
		{CE608A15-635D-4060-A654-4CE8CB16A33A}.DLL Unicode Debug.ActiveCfg = DLL Debug|Win32
		{CE608A15-635D-4060-A654-4CE8CB16A33A}.DLL Unicode Debug.Build.0 = DLL Debug|Win32
		{CE608A15-635D-4060-A654-4CE8CB16A33A}.DLL Unicode Release.ActiveCfg = DLL Release|Win32
		{CE608A15-635D-4060-A654-4CE8CB16A33A}.DLL Unicode Release.Build.0 = DLL Release|Win32
		{ADDC3D84-626D-4545-9856-036C721700E9}.DLL Debug.ActiveCfg = DLL Debug|Win32
		{ADDC3D84-626D-4545-9856-036C721700E9}.DLL Debug.Build.0 = DLL Debug|Win32
		{ADDC3D84-626D-4545-9856-036C721700E9}.DLL Release.ActiveCfg = DLL Release|Win32
		{ADDC3D84-626D-4545-9856-036C721700E9}.DLL Release.Build.0 = DLL Release|Win32
		{ADDC3D84-626D-4545-9856-036C721700E9}.DLL Unicode Debug.ActiveCfg = DLL Unicode Debug|Win32
		{ADDC3D84-626D-4545-9856-036C721700E9}.DLL Unicode Debug.Build.0 = DLL Unicode Debug|Win32
		{ADDC3D84-626D-4545-9856-036C721700E9}.DLL Unicode Release.ActiveCfg = DLL Unicode Release|Win32
		{ADDC3D84-626D-4545-9856-036C721700E9}.DLL Unicode Release.Build.0 = DLL Unicode Release|Win32
		{9F3766B7-1FAF-4928-B14D-F32D0E6B616D}.DLL Debug.ActiveCfg = DLL Debug|Win32
		{9F3766B7-1FAF-4928-B14D-F32D0E6B616D}.DLL Debug.Build.0 = DLL Debug|Win32
		{9F3766B7-1FAF-4928-B14D-F32D0E6B616D}.DLL Release.ActiveCfg = DLL Release|Win32
		{9F3766B7-1FAF-4928-B14D-F32D0E6B616D}.DLL Release.Build.0 = DLL Release|Win32
		{9F3766B7-1FAF-4928-B14D-F32D0E6B616D}.DLL Unicode Debug.ActiveCfg = DLL Unicode Debug|Win32
		{9F3766B7-1FAF-4928-B14D-F32D0E6B616D}.DLL Unicode Debug.Build.0 = DLL Unicode Debug|Win32
		{9F3766B7-1FAF-4928-B14D-F32D0E6B616D}.DLL Unicode Release.ActiveCfg = DLL Unicode Release|Win32
		{9F3766B7-1FAF-4928-B14D-F32D0E6B616D}.DLL Unicode Release.Build.0 = DLL Unicode Release|Win32
		{B41D6C61-1F46-4434-9115-8B9B4615E97F}.DLL Debug.ActiveCfg = DLL Debug|Win32
		{B41D6C61-1F46-4434-9115-8B9B4615E97F}.DLL Debug.Build.0 = DLL Debug|Win32
		{B41D6C61-1F46-4434-9115-8B9B4615E97F}.DLL Release.ActiveCfg = DLL Release|Win32
		{B41D6C61-1F46-4434-9115-8B9B4615E97F}.DLL Release.Build.0 = DLL Release|Win32
	EndGlobalSection
	GlobalSection(ExtensibilityGlobals) = postSolution
	EndGlobalSection
	GlobalSection(ExtensibilityAddIns) = postSolution
	EndGlobalSection
EndGlobal
