Microsoft Visual Studio Solution File, Format Version 10.00
# Visual Studio 2008
Project("{8BC9CEB8-8B4A-11D0-8D11-00A0C91BC942}") = "PmtAccessor", "PmtAccessor.vcproj", "{B5284EA4-07D0-4F39-BCE7-0B87AF9B5E03}"
	ProjectSection(ProjectDependencies) = postProject
		{ECCF5D22-B05E-4AB0-9A58-77FC4594CAB3} = {ECCF5D22-B05E-4AB0-9A58-77FC4594CAB3}
	EndProjectSection
EndProject
Project("{8BC9CEB8-8B4A-11D0-8D11-00A0C91BC942}") = "PmtCore", "PmtCore.vcproj", "{ECCF5D22-B05E-4AB0-9A58-77FC4594CAB3}"
	ProjectSection(ProjectDependencies) = postProject
		{7EA18D87-FB09-4E29-90EE-7D83C09C7983} = {7EA18D87-FB09-4E29-90EE-7D83C09C7983}
	EndProjectSection
EndProject
Project("{8BC9CEB8-8B4A-11D0-8D11-00A0C91BC942}") = "ek", "Ek.vcproj", "{7EA18D87-FB09-4E29-90EE-7D83C09C7983}"
EndProject
Project("{8BC9CEB8-8B4A-11D0-8D11-00A0C91BC942}") = "PmtInterpreterTest", "PmtInterpreterTest.vcproj", "{DABA5515-8EAE-4E2B-A680-82CF230DB183}"
	ProjectSection(ProjectDependencies) = postProject
		{7EA18D87-FB09-4E29-90EE-7D83C09C7983} = {7EA18D87-FB09-4E29-90EE-7D83C09C7983}
		{ECCF5D22-B05E-4AB0-9A58-77FC4594CAB3} = {ECCF5D22-B05E-4AB0-9A58-77FC4594CAB3}
	EndProjectSection
EndProject
Project("{8BC9CEB8-8B4A-11D0-8D11-00A0C91BC942}") = "AccessorTest", "AccessorTest.vcproj", "{B3AD91B1-36A8-481D-8B52-2925E0E116EF}"
	ProjectSection(ProjectDependencies) = postProject
		{B5284EA4-07D0-4F39-BCE7-0B87AF9B5E03} = {B5284EA4-07D0-4F39-BCE7-0B87AF9B5E03}
		{7EA18D87-FB09-4E29-90EE-7D83C09C7983} = {7EA18D87-FB09-4E29-90EE-7D83C09C7983}
		{ECCF5D22-B05E-4AB0-9A58-77FC4594CAB3} = {ECCF5D22-B05E-4AB0-9A58-77FC4594CAB3}
	EndProjectSection
EndProject
Project("{8BC9CEB8-8B4A-11D0-8D11-00A0C91BC942}") = "NSTest", "NSTest.vcproj", "{CE608A15-635D-4060-A654-4CE8CB16A33A}"
	ProjectSection(ProjectDependencies) = postProject
		{ECCF5D22-B05E-4AB0-9A58-77FC4594CAB3} = {ECCF5D22-B05E-4AB0-9A58-77FC4594CAB3}
		{B5284EA4-07D0-4F39-BCE7-0B87AF9B5E03} = {B5284EA4-07D0-4F39-BCE7-0B87AF9B5E03}
		{7EA18D87-FB09-4E29-90EE-7D83C09C7983} = {7EA18D87-FB09-4E29-90EE-7D83C09C7983}
	EndProjectSection
EndProject
Project("{8BC9CEB8-8B4A-11D0-8D11-00A0C91BC942}") = "VisitorTest", "VisitorTest.vcproj", "{ADDC3D84-626D-4545-9856-036C721700E9}"
	ProjectSection(ProjectDependencies) = postProject
		{B5284EA4-07D0-4F39-BCE7-0B87AF9B5E03} = {B5284EA4-07D0-4F39-BCE7-0B87AF9B5E03}
		{7EA18D87-FB09-4E29-90EE-7D83C09C7983} = {7EA18D87-FB09-4E29-90EE-7D83C09C7983}
		{ECCF5D22-B05E-4AB0-9A58-77FC4594CAB3} = {ECCF5D22-B05E-4AB0-9A58-77FC4594CAB3}
	EndProjectSection
EndProject
Project("{8BC9CEB8-8B4A-11D0-8D11-00A0C91BC942}") = "pmtDataList", "pmtDataList.vcproj", "{9F3766B7-1FAF-4928-B14D-F32D0E6B616D}"
	ProjectSection(ProjectDependencies) = postProject
		{B5284EA4-07D0-4F39-BCE7-0B87AF9B5E03} = {B5284EA4-07D0-4F39-BCE7-0B87AF9B5E03}
		{7EA18D87-FB09-4E29-90EE-7D83C09C7983} = {7EA18D87-FB09-4E29-90EE-7D83C09C7983}
		{ECCF5D22-B05E-4AB0-9A58-77FC4594CAB3} = {ECCF5D22-B05E-4AB0-9A58-77FC4594CAB3}
	EndProjectSection
EndProject
Project("{8BC9CEB8-8B4A-11D0-8D11-00A0C91BC942}") = "PmtPcdCreator", "PmtPcdCreator.vcproj", "{B41D6C61-1F46-4434-9115-8B9B4615E97F}"
	ProjectSection(ProjectDependencies) = postProject
		{B5284EA4-07D0-4F39-BCE7-0B87AF9B5E03} = {B5284EA4-07D0-4F39-BCE7-0B87AF9B5E03}
		{7EA18D87-FB09-4E29-90EE-7D83C09C7983} = {7EA18D87-FB09-4E29-90EE-7D83C09C7983}
		{ECCF5D22-B05E-4AB0-9A58-77FC4594CAB3} = {ECCF5D22-B05E-4AB0-9A58-77FC4594CAB3}
	EndProjectSection
EndProject
Project("{54435603-DBB4-11D2-8724-00A0C9A8B90C}") = "PmtDataListSetup", "PmtDataListSetup.vdproj", "{F9EAF2E2-E74F-4946-A973-2A7D1C93E717}"
EndProject
Global
	GlobalSection(SolutionConfigurationPlatforms) = preSolution
		Debug|Win32 = Debug|Win32
		DLL Debug|Win32 = DLL Debug|Win32
		DLL Release|Win32 = DLL Release|Win32
		DLL Unicode Debug|Win32 = DLL Unicode Debug|Win32
		DLL Unicode Release|Win32 = DLL Unicode Release|Win32
		Release|Win32 = Release|Win32
		Unicode Debug|Win32 = Unicode Debug|Win32
		Unicode Release|Win32 = Unicode Release|Win32
	EndGlobalSection
	GlobalSection(ProjectConfigurationPlatforms) = postSolution
		{B5284EA4-07D0-4F39-BCE7-0B87AF9B5E03}.Debug|Win32.ActiveCfg = Debug|Win32
		{B5284EA4-07D0-4F39-BCE7-0B87AF9B5E03}.Debug|Win32.Build.0 = Debug|Win32
		{B5284EA4-07D0-4F39-BCE7-0B87AF9B5E03}.DLL Debug|Win32.ActiveCfg = DLL Debug|Win32
		{B5284EA4-07D0-4F39-BCE7-0B87AF9B5E03}.DLL Debug|Win32.Build.0 = DLL Debug|Win32
		{B5284EA4-07D0-4F39-BCE7-0B87AF9B5E03}.DLL Release|Win32.ActiveCfg = DLL Release|Win32
		{B5284EA4-07D0-4F39-BCE7-0B87AF9B5E03}.DLL Release|Win32.Build.0 = DLL Release|Win32
		{B5284EA4-07D0-4F39-BCE7-0B87AF9B5E03}.DLL Unicode Debug|Win32.ActiveCfg = DLL Unicode Debug|Win32
		{B5284EA4-07D0-4F39-BCE7-0B87AF9B5E03}.DLL Unicode Debug|Win32.Build.0 = DLL Unicode Debug|Win32
		{B5284EA4-07D0-4F39-BCE7-0B87AF9B5E03}.DLL Unicode Release|Win32.ActiveCfg = DLL Unicode Release|Win32
		{B5284EA4-07D0-4F39-BCE7-0B87AF9B5E03}.DLL Unicode Release|Win32.Build.0 = DLL Unicode Release|Win32
		{B5284EA4-07D0-4F39-BCE7-0B87AF9B5E03}.Release|Win32.ActiveCfg = Release|Win32
		{B5284EA4-07D0-4F39-BCE7-0B87AF9B5E03}.Release|Win32.Build.0 = Release|Win32
		{B5284EA4-07D0-4F39-BCE7-0B87AF9B5E03}.Unicode Debug|Win32.ActiveCfg = Unicode Debug|Win32
		{B5284EA4-07D0-4F39-BCE7-0B87AF9B5E03}.Unicode Debug|Win32.Build.0 = Unicode Debug|Win32
		{B5284EA4-07D0-4F39-BCE7-0B87AF9B5E03}.Unicode Release|Win32.ActiveCfg = Unicode Release|Win32
		{B5284EA4-07D0-4F39-BCE7-0B87AF9B5E03}.Unicode Release|Win32.Build.0 = Unicode Release|Win32
		{ECCF5D22-B05E-4AB0-9A58-77FC4594CAB3}.Debug|Win32.ActiveCfg = Debug|Win32
		{ECCF5D22-B05E-4AB0-9A58-77FC4594CAB3}.Debug|Win32.Build.0 = Debug|Win32
		{ECCF5D22-B05E-4AB0-9A58-77FC4594CAB3}.DLL Debug|Win32.ActiveCfg = DLL Debug|Win32
		{ECCF5D22-B05E-4AB0-9A58-77FC4594CAB3}.DLL Debug|Win32.Build.0 = DLL Debug|Win32
		{ECCF5D22-B05E-4AB0-9A58-77FC4594CAB3}.DLL Release|Win32.ActiveCfg = DLL Release|Win32
		{ECCF5D22-B05E-4AB0-9A58-77FC4594CAB3}.DLL Release|Win32.Build.0 = DLL Release|Win32
		{ECCF5D22-B05E-4AB0-9A58-77FC4594CAB3}.DLL Unicode Debug|Win32.ActiveCfg = DLL Unicode Debug|Win32
		{ECCF5D22-B05E-4AB0-9A58-77FC4594CAB3}.DLL Unicode Debug|Win32.Build.0 = DLL Unicode Debug|Win32
		{ECCF5D22-B05E-4AB0-9A58-77FC4594CAB3}.DLL Unicode Release|Win32.ActiveCfg = DLL Unicode Release|Win32
		{ECCF5D22-B05E-4AB0-9A58-77FC4594CAB3}.DLL Unicode Release|Win32.Build.0 = DLL Unicode Release|Win32
		{ECCF5D22-B05E-4AB0-9A58-77FC4594CAB3}.Release|Win32.ActiveCfg = Release|Win32
		{ECCF5D22-B05E-4AB0-9A58-77FC4594CAB3}.Release|Win32.Build.0 = Release|Win32
		{ECCF5D22-B05E-4AB0-9A58-77FC4594CAB3}.Unicode Debug|Win32.ActiveCfg = Unicode Debug|Win32
		{ECCF5D22-B05E-4AB0-9A58-77FC4594CAB3}.Unicode Debug|Win32.Build.0 = Unicode Debug|Win32
		{ECCF5D22-B05E-4AB0-9A58-77FC4594CAB3}.Unicode Release|Win32.ActiveCfg = Unicode Release|Win32
		{ECCF5D22-B05E-4AB0-9A58-77FC4594CAB3}.Unicode Release|Win32.Build.0 = Unicode Release|Win32
		{7EA18D87-FB09-4E29-90EE-7D83C09C7983}.Debug|Win32.ActiveCfg = Debug|Win32
		{7EA18D87-FB09-4E29-90EE-7D83C09C7983}.Debug|Win32.Build.0 = Debug|Win32
		{7EA18D87-FB09-4E29-90EE-7D83C09C7983}.DLL Debug|Win32.ActiveCfg = DLL Debug|Win32
		{7EA18D87-FB09-4E29-90EE-7D83C09C7983}.DLL Debug|Win32.Build.0 = DLL Debug|Win32
		{7EA18D87-FB09-4E29-90EE-7D83C09C7983}.DLL Release|Win32.ActiveCfg = DLL Release|Win32
		{7EA18D87-FB09-4E29-90EE-7D83C09C7983}.DLL Release|Win32.Build.0 = DLL Release|Win32
		{7EA18D87-FB09-4E29-90EE-7D83C09C7983}.DLL Unicode Debug|Win32.ActiveCfg = DLL Unicode Debug|Win32
		{7EA18D87-FB09-4E29-90EE-7D83C09C7983}.DLL Unicode Debug|Win32.Build.0 = DLL Unicode Debug|Win32
		{7EA18D87-FB09-4E29-90EE-7D83C09C7983}.DLL Unicode Release|Win32.ActiveCfg = DLL Unicode Release|Win32
		{7EA18D87-FB09-4E29-90EE-7D83C09C7983}.DLL Unicode Release|Win32.Build.0 = DLL Unicode Release|Win32
		{7EA18D87-FB09-4E29-90EE-7D83C09C7983}.Release|Win32.ActiveCfg = Release|Win32
		{7EA18D87-FB09-4E29-90EE-7D83C09C7983}.Release|Win32.Build.0 = Release|Win32
		{7EA18D87-FB09-4E29-90EE-7D83C09C7983}.Unicode Debug|Win32.ActiveCfg = Unicode Debug|Win32
		{7EA18D87-FB09-4E29-90EE-7D83C09C7983}.Unicode Debug|Win32.Build.0 = Unicode Debug|Win32
		{7EA18D87-FB09-4E29-90EE-7D83C09C7983}.Unicode Release|Win32.ActiveCfg = Unicode Release|Win32
		{7EA18D87-FB09-4E29-90EE-7D83C09C7983}.Unicode Release|Win32.Build.0 = Unicode Release|Win32
		{DABA5515-8EAE-4E2B-A680-82CF230DB183}.Debug|Win32.ActiveCfg = Debug|Win32
		{DABA5515-8EAE-4E2B-A680-82CF230DB183}.Debug|Win32.Build.0 = Debug|Win32
		{DABA5515-8EAE-4E2B-A680-82CF230DB183}.DLL Debug|Win32.ActiveCfg = DLL Debug|Win32
		{DABA5515-8EAE-4E2B-A680-82CF230DB183}.DLL Debug|Win32.Build.0 = DLL Debug|Win32
		{DABA5515-8EAE-4E2B-A680-82CF230DB183}.DLL Release|Win32.ActiveCfg = DLL Release|Win32
		{DABA5515-8EAE-4E2B-A680-82CF230DB183}.DLL Release|Win32.Build.0 = DLL Release|Win32
		{DABA5515-8EAE-4E2B-A680-82CF230DB183}.DLL Unicode Debug|Win32.ActiveCfg = DLL Unicode Debug|Win32
		{DABA5515-8EAE-4E2B-A680-82CF230DB183}.DLL Unicode Debug|Win32.Build.0 = DLL Unicode Debug|Win32
		{DABA5515-8EAE-4E2B-A680-82CF230DB183}.DLL Unicode Release|Win32.ActiveCfg = DLL Unicode Release|Win32
		{DABA5515-8EAE-4E2B-A680-82CF230DB183}.DLL Unicode Release|Win32.Build.0 = DLL Unicode Release|Win32
		{DABA5515-8EAE-4E2B-A680-82CF230DB183}.Release|Win32.ActiveCfg = Release|Win32
		{DABA5515-8EAE-4E2B-A680-82CF230DB183}.Release|Win32.Build.0 = Release|Win32
		{DABA5515-8EAE-4E2B-A680-82CF230DB183}.Unicode Debug|Win32.ActiveCfg = Unicode Debug|Win32
		{DABA5515-8EAE-4E2B-A680-82CF230DB183}.Unicode Debug|Win32.Build.0 = Unicode Debug|Win32
		{DABA5515-8EAE-4E2B-A680-82CF230DB183}.Unicode Release|Win32.ActiveCfg = Unicode Release|Win32
		{DABA5515-8EAE-4E2B-A680-82CF230DB183}.Unicode Release|Win32.Build.0 = Unicode Release|Win32
		{B3AD91B1-36A8-481D-8B52-2925E0E116EF}.Debug|Win32.ActiveCfg = Debug|Win32
		{B3AD91B1-36A8-481D-8B52-2925E0E116EF}.Debug|Win32.Build.0 = Debug|Win32
		{B3AD91B1-36A8-481D-8B52-2925E0E116EF}.DLL Debug|Win32.ActiveCfg = DLL Debug|Win32
		{B3AD91B1-36A8-481D-8B52-2925E0E116EF}.DLL Debug|Win32.Build.0 = DLL Debug|Win32
		{B3AD91B1-36A8-481D-8B52-2925E0E116EF}.DLL Release|Win32.ActiveCfg = DLL Release|Win32
		{B3AD91B1-36A8-481D-8B52-2925E0E116EF}.DLL Release|Win32.Build.0 = DLL Release|Win32
		{B3AD91B1-36A8-481D-8B52-2925E0E116EF}.DLL Unicode Debug|Win32.ActiveCfg = DLL Unicode Debug|Win32
		{B3AD91B1-36A8-481D-8B52-2925E0E116EF}.DLL Unicode Debug|Win32.Build.0 = DLL Unicode Debug|Win32
		{B3AD91B1-36A8-481D-8B52-2925E0E116EF}.DLL Unicode Release|Win32.ActiveCfg = DLL Unicode Release|Win32
		{B3AD91B1-36A8-481D-8B52-2925E0E116EF}.DLL Unicode Release|Win32.Build.0 = DLL Unicode Release|Win32
		{B3AD91B1-36A8-481D-8B52-2925E0E116EF}.Release|Win32.ActiveCfg = Release|Win32
		{B3AD91B1-36A8-481D-8B52-2925E0E116EF}.Release|Win32.Build.0 = Release|Win32
		{B3AD91B1-36A8-481D-8B52-2925E0E116EF}.Unicode Debug|Win32.ActiveCfg = Unicode Debug|Win32
		{B3AD91B1-36A8-481D-8B52-2925E0E116EF}.Unicode Debug|Win32.Build.0 = Unicode Debug|Win32
		{B3AD91B1-36A8-481D-8B52-2925E0E116EF}.Unicode Release|Win32.ActiveCfg = Unicode Release|Win32
		{B3AD91B1-36A8-481D-8B52-2925E0E116EF}.Unicode Release|Win32.Build.0 = Unicode Release|Win32
		{CE608A15-635D-4060-A654-4CE8CB16A33A}.Debug|Win32.ActiveCfg = Debug|Win32
		{CE608A15-635D-4060-A654-4CE8CB16A33A}.Debug|Win32.Build.0 = Debug|Win32
		{CE608A15-635D-4060-A654-4CE8CB16A33A}.DLL Debug|Win32.ActiveCfg = DLL Debug|Win32
		{CE608A15-635D-4060-A654-4CE8CB16A33A}.DLL Debug|Win32.Build.0 = DLL Debug|Win32
		{CE608A15-635D-4060-A654-4CE8CB16A33A}.DLL Release|Win32.ActiveCfg = DLL Release|Win32
		{CE608A15-635D-4060-A654-4CE8CB16A33A}.DLL Release|Win32.Build.0 = DLL Release|Win32
		{CE608A15-635D-4060-A654-4CE8CB16A33A}.DLL Unicode Debug|Win32.ActiveCfg = DLL Debug|Win32
		{CE608A15-635D-4060-A654-4CE8CB16A33A}.DLL Unicode Debug|Win32.Build.0 = DLL Debug|Win32
		{CE608A15-635D-4060-A654-4CE8CB16A33A}.DLL Unicode Release|Win32.ActiveCfg = DLL Release|Win32
		{CE608A15-635D-4060-A654-4CE8CB16A33A}.DLL Unicode Release|Win32.Build.0 = DLL Release|Win32
		{CE608A15-635D-4060-A654-4CE8CB16A33A}.Release|Win32.ActiveCfg = Release|Win32
		{CE608A15-635D-4060-A654-4CE8CB16A33A}.Release|Win32.Build.0 = Release|Win32
		{CE608A15-635D-4060-A654-4CE8CB16A33A}.Unicode Debug|Win32.ActiveCfg = Debug|Win32
		{CE608A15-635D-4060-A654-4CE8CB16A33A}.Unicode Debug|Win32.Build.0 = Debug|Win32
		{CE608A15-635D-4060-A654-4CE8CB16A33A}.Unicode Release|Win32.ActiveCfg = Release|Win32
		{CE608A15-635D-4060-A654-4CE8CB16A33A}.Unicode Release|Win32.Build.0 = Release|Win32
		{ADDC3D84-626D-4545-9856-036C721700E9}.Debug|Win32.ActiveCfg = Debug|Win32
		{ADDC3D84-626D-4545-9856-036C721700E9}.Debug|Win32.Build.0 = Debug|Win32
		{ADDC3D84-626D-4545-9856-036C721700E9}.DLL Debug|Win32.ActiveCfg = DLL Debug|Win32
		{ADDC3D84-626D-4545-9856-036C721700E9}.DLL Debug|Win32.Build.0 = DLL Debug|Win32
		{ADDC3D84-626D-4545-9856-036C721700E9}.DLL Release|Win32.ActiveCfg = DLL Release|Win32
		{ADDC3D84-626D-4545-9856-036C721700E9}.DLL Release|Win32.Build.0 = DLL Release|Win32
		{ADDC3D84-626D-4545-9856-036C721700E9}.DLL Unicode Debug|Win32.ActiveCfg = DLL Unicode Debug|Win32
		{ADDC3D84-626D-4545-9856-036C721700E9}.DLL Unicode Debug|Win32.Build.0 = DLL Unicode Debug|Win32
		{ADDC3D84-626D-4545-9856-036C721700E9}.DLL Unicode Release|Win32.ActiveCfg = DLL Unicode Release|Win32
		{ADDC3D84-626D-4545-9856-036C721700E9}.DLL Unicode Release|Win32.Build.0 = DLL Unicode Release|Win32
		{ADDC3D84-626D-4545-9856-036C721700E9}.Release|Win32.ActiveCfg = Release|Win32
		{ADDC3D84-626D-4545-9856-036C721700E9}.Release|Win32.Build.0 = Release|Win32
		{ADDC3D84-626D-4545-9856-036C721700E9}.Unicode Debug|Win32.ActiveCfg = Unicode Debug|Win32
		{ADDC3D84-626D-4545-9856-036C721700E9}.Unicode Debug|Win32.Build.0 = Unicode Debug|Win32
		{ADDC3D84-626D-4545-9856-036C721700E9}.Unicode Release|Win32.ActiveCfg = Unicode Release|Win32
		{ADDC3D84-626D-4545-9856-036C721700E9}.Unicode Release|Win32.Build.0 = Unicode Release|Win32
		{9F3766B7-1FAF-4928-B14D-F32D0E6B616D}.Debug|Win32.ActiveCfg = Debug|Win32
		{9F3766B7-1FAF-4928-B14D-F32D0E6B616D}.Debug|Win32.Build.0 = Debug|Win32
		{9F3766B7-1FAF-4928-B14D-F32D0E6B616D}.DLL Debug|Win32.ActiveCfg = DLL Debug|Win32
		{9F3766B7-1FAF-4928-B14D-F32D0E6B616D}.DLL Debug|Win32.Build.0 = DLL Debug|Win32
		{9F3766B7-1FAF-4928-B14D-F32D0E6B616D}.DLL Release|Win32.ActiveCfg = DLL Release|Win32
		{9F3766B7-1FAF-4928-B14D-F32D0E6B616D}.DLL Release|Win32.Build.0 = DLL Release|Win32
		{9F3766B7-1FAF-4928-B14D-F32D0E6B616D}.DLL Unicode Debug|Win32.ActiveCfg = DLL Unicode Debug|Win32
		{9F3766B7-1FAF-4928-B14D-F32D0E6B616D}.DLL Unicode Debug|Win32.Build.0 = DLL Unicode Debug|Win32
		{9F3766B7-1FAF-4928-B14D-F32D0E6B616D}.DLL Unicode Release|Win32.ActiveCfg = DLL Unicode Release|Win32
		{9F3766B7-1FAF-4928-B14D-F32D0E6B616D}.DLL Unicode Release|Win32.Build.0 = DLL Unicode Release|Win32
		{9F3766B7-1FAF-4928-B14D-F32D0E6B616D}.Release|Win32.ActiveCfg = Release|Win32
		{9F3766B7-1FAF-4928-B14D-F32D0E6B616D}.Release|Win32.Build.0 = Release|Win32
		{9F3766B7-1FAF-4928-B14D-F32D0E6B616D}.Unicode Debug|Win32.ActiveCfg = Unicode Debug|Win32
		{9F3766B7-1FAF-4928-B14D-F32D0E6B616D}.Unicode Debug|Win32.Build.0 = Unicode Debug|Win32
		{9F3766B7-1FAF-4928-B14D-F32D0E6B616D}.Unicode Release|Win32.ActiveCfg = Unicode Release|Win32
		{9F3766B7-1FAF-4928-B14D-F32D0E6B616D}.Unicode Release|Win32.Build.0 = Unicode Release|Win32
		{B41D6C61-1F46-4434-9115-8B9B4615E97F}.Debug|Win32.ActiveCfg = Debug|Win32
		{B41D6C61-1F46-4434-9115-8B9B4615E97F}.Debug|Win32.Build.0 = Debug|Win32
		{B41D6C61-1F46-4434-9115-8B9B4615E97F}.DLL Debug|Win32.ActiveCfg = DLL Debug|Win32
		{B41D6C61-1F46-4434-9115-8B9B4615E97F}.DLL Debug|Win32.Build.0 = DLL Debug|Win32
		{B41D6C61-1F46-4434-9115-8B9B4615E97F}.DLL Release|Win32.ActiveCfg = DLL Release|Win32
		{B41D6C61-1F46-4434-9115-8B9B4615E97F}.DLL Release|Win32.Build.0 = DLL Release|Win32
		{B41D6C61-1F46-4434-9115-8B9B4615E97F}.DLL Unicode Debug|Win32.ActiveCfg = Unicode Debug|Win32
		{B41D6C61-1F46-4434-9115-8B9B4615E97F}.DLL Unicode Release|Win32.ActiveCfg = Unicode Release|Win32
		{B41D6C61-1F46-4434-9115-8B9B4615E97F}.Release|Win32.ActiveCfg = Release|Win32
		{B41D6C61-1F46-4434-9115-8B9B4615E97F}.Release|Win32.Build.0 = Release|Win32
		{B41D6C61-1F46-4434-9115-8B9B4615E97F}.Unicode Debug|Win32.ActiveCfg = Unicode Debug|Win32
		{B41D6C61-1F46-4434-9115-8B9B4615E97F}.Unicode Debug|Win32.Build.0 = Unicode Debug|Win32
		{B41D6C61-1F46-4434-9115-8B9B4615E97F}.Unicode Release|Win32.ActiveCfg = Unicode Release|Win32
		{B41D6C61-1F46-4434-9115-8B9B4615E97F}.Unicode Release|Win32.Build.0 = Unicode Release|Win32
		{F9EAF2E2-E74F-4946-A973-2A7D1C93E717}.Debug|Win32.ActiveCfg = Debug
		{F9EAF2E2-E74F-4946-A973-2A7D1C93E717}.DLL Debug|Win32.ActiveCfg = Debug
		{F9EAF2E2-E74F-4946-A973-2A7D1C93E717}.DLL Release|Win32.ActiveCfg = Release
		{F9EAF2E2-E74F-4946-A973-2A7D1C93E717}.DLL Unicode Debug|Win32.ActiveCfg = Debug
		{F9EAF2E2-E74F-4946-A973-2A7D1C93E717}.DLL Unicode Release|Win32.ActiveCfg = Release
		{F9EAF2E2-E74F-4946-A973-2A7D1C93E717}.Release|Win32.ActiveCfg = Release
		{F9EAF2E2-E74F-4946-A973-2A7D1C93E717}.Release|Win32.Build.0 = Release
		{F9EAF2E2-E74F-4946-A973-2A7D1C93E717}.Unicode Debug|Win32.ActiveCfg = Debug
		{F9EAF2E2-E74F-4946-A973-2A7D1C93E717}.Unicode Release|Win32.ActiveCfg = Release
	EndGlobalSection
	GlobalSection(SolutionProperties) = preSolution
		HideSolutionNode = FALSE
	EndGlobalSection
EndGlobal
