Microsoft Visual Studio Solution File, Format Version 7.00
Project("{8BC9CEB8-8B4A-11D0-8D11-00A0C91BC942}") = "Eki", "Eki.vcproj", "{9031F3F4-9B2F-49DB-B1BC-52660F61EFDB}"
EndProject
Project("{8BC9CEB8-8B4A-11D0-8D11-00A0C91BC942}") = "PmtAccessori", "PmtAccessori.vcproj", "{38C42B2E-8406-4B43-9615-238D2B28EC1D}"
EndProject
Project("{8BC9CEB8-8B4A-11D0-8D11-00A0C91BC942}") = "PmtCorei", "PmtCorei.vcproj", "{07C3BC5D-269F-4507-9922-B090C02C9EEF}"
EndProject
Project("{8BC9CEB8-8B4A-11D0-8D11-00A0C91BC942}") = "_BuildAllDynamic", "BuildAllDynamic\_BuildAllDynamic.vcproj", "{61C16BA6-5D14-4748-B8A5-200323308134}"
EndProject
Project("{8BC9CEB8-8B4A-11D0-8D11-00A0C91BC942}") = "AccessorTesti", "AccessorTesti.vcproj", "{5BD4C525-D89B-403E-8552-37DE1AFA7D89}"
EndProject
Project("{8BC9CEB8-8B4A-11D0-8D11-00A0C91BC942}") = "PmtInterpreterTesti", "PmtInterpreterTesti.vcproj", "{E433467C-BEB7-471A-8568-031CD5D5478D}"
EndProject
Global
	GlobalSection(SolutionConfiguration) = preSolution
		ConfigName.0 = Debug
		ConfigName.1 = Release
		ConfigName.2 = Unicode Debug
		ConfigName.3 = Unicode Release
	EndGlobalSection
	GlobalSection(ProjectDependencies) = postSolution
		{38C42B2E-8406-4B43-9615-238D2B28EC1D}.0 = {07C3BC5D-269F-4507-9922-B090C02C9EEF}
		{07C3BC5D-269F-4507-9922-B090C02C9EEF}.0 = {9031F3F4-9B2F-49DB-B1BC-52660F61EFDB}
		{61C16BA6-5D14-4748-B8A5-200323308134}.0 = {07C3BC5D-269F-4507-9922-B090C02C9EEF}
		{61C16BA6-5D14-4748-B8A5-200323308134}.1 = {38C42B2E-8406-4B43-9615-238D2B28EC1D}
		{61C16BA6-5D14-4748-B8A5-200323308134}.2 = {E433467C-BEB7-471A-8568-031CD5D5478D}
		{61C16BA6-5D14-4748-B8A5-200323308134}.3 = {5BD4C525-D89B-403E-8552-37DE1AFA7D89}
		{61C16BA6-5D14-4748-B8A5-200323308134}.4 = {9031F3F4-9B2F-49DB-B1BC-52660F61EFDB}
		{5BD4C525-D89B-403E-8552-37DE1AFA7D89}.0 = {07C3BC5D-269F-4507-9922-B090C02C9EEF}
		{5BD4C525-D89B-403E-8552-37DE1AFA7D89}.1 = {38C42B2E-8406-4B43-9615-238D2B28EC1D}
		{5BD4C525-D89B-403E-8552-37DE1AFA7D89}.2 = {9031F3F4-9B2F-49DB-B1BC-52660F61EFDB}
		{E433467C-BEB7-471A-8568-031CD5D5478D}.0 = {9031F3F4-9B2F-49DB-B1BC-52660F61EFDB}
		{E433467C-BEB7-471A-8568-031CD5D5478D}.1 = {07C3BC5D-269F-4507-9922-B090C02C9EEF}
	EndGlobalSection
	GlobalSection(ProjectConfiguration) = postSolution
		{9031F3F4-9B2F-49DB-B1BC-52660F61EFDB}.Debug.ActiveCfg = Debug|Win32
		{9031F3F4-9B2F-49DB-B1BC-52660F61EFDB}.Debug.Build.0 = Debug|Win32
		{9031F3F4-9B2F-49DB-B1BC-52660F61EFDB}.Release.ActiveCfg = Release|Win32
		{9031F3F4-9B2F-49DB-B1BC-52660F61EFDB}.Release.Build.0 = Release|Win32
		{9031F3F4-9B2F-49DB-B1BC-52660F61EFDB}.Unicode Debug.ActiveCfg = Unicode Debug|Win32
		{9031F3F4-9B2F-49DB-B1BC-52660F61EFDB}.Unicode Debug.Build.0 = Unicode Debug|Win32
		{9031F3F4-9B2F-49DB-B1BC-52660F61EFDB}.Unicode Release.ActiveCfg = Unicode Release|Win32
		{9031F3F4-9B2F-49DB-B1BC-52660F61EFDB}.Unicode Release.Build.0 = Unicode Release|Win32
		{38C42B2E-8406-4B43-9615-238D2B28EC1D}.Debug.ActiveCfg = Debug|Win32
		{38C42B2E-8406-4B43-9615-238D2B28EC1D}.Debug.Build.0 = Debug|Win32
		{38C42B2E-8406-4B43-9615-238D2B28EC1D}.Release.ActiveCfg = Release|Win32
		{38C42B2E-8406-4B43-9615-238D2B28EC1D}.Release.Build.0 = Release|Win32
		{38C42B2E-8406-4B43-9615-238D2B28EC1D}.Unicode Debug.ActiveCfg = Unicode Debug|Win32
		{38C42B2E-8406-4B43-9615-238D2B28EC1D}.Unicode Debug.Build.0 = Unicode Debug|Win32
		{38C42B2E-8406-4B43-9615-238D2B28EC1D}.Unicode Release.ActiveCfg = Unicode Release|Win32
		{38C42B2E-8406-4B43-9615-238D2B28EC1D}.Unicode Release.Build.0 = Unicode Release|Win32
		{07C3BC5D-269F-4507-9922-B090C02C9EEF}.Debug.ActiveCfg = Debug|Win32
		{07C3BC5D-269F-4507-9922-B090C02C9EEF}.Debug.Build.0 = Debug|Win32
		{07C3BC5D-269F-4507-9922-B090C02C9EEF}.Release.ActiveCfg = Release|Win32
		{07C3BC5D-269F-4507-9922-B090C02C9EEF}.Release.Build.0 = Release|Win32
		{07C3BC5D-269F-4507-9922-B090C02C9EEF}.Unicode Debug.ActiveCfg = Unicode Debug|Win32
		{07C3BC5D-269F-4507-9922-B090C02C9EEF}.Unicode Debug.Build.0 = Unicode Debug|Win32
		{07C3BC5D-269F-4507-9922-B090C02C9EEF}.Unicode Release.ActiveCfg = Unicode Release|Win32
		{07C3BC5D-269F-4507-9922-B090C02C9EEF}.Unicode Release.Build.0 = Unicode Release|Win32
		{61C16BA6-5D14-4748-B8A5-200323308134}.Debug.ActiveCfg = Debug|Win32
		{61C16BA6-5D14-4748-B8A5-200323308134}.Debug.Build.0 = Debug|Win32
		{61C16BA6-5D14-4748-B8A5-200323308134}.Release.ActiveCfg = Release|Win32
		{61C16BA6-5D14-4748-B8A5-200323308134}.Release.Build.0 = Release|Win32
		{61C16BA6-5D14-4748-B8A5-200323308134}.Unicode Debug.ActiveCfg = Unicode Debug|Win32
		{61C16BA6-5D14-4748-B8A5-200323308134}.Unicode Debug.Build.0 = Unicode Debug|Win32
		{61C16BA6-5D14-4748-B8A5-200323308134}.Unicode Release.ActiveCfg = Unicode Release|Win32
		{61C16BA6-5D14-4748-B8A5-200323308134}.Unicode Release.Build.0 = Unicode Release|Win32
		{5BD4C525-D89B-403E-8552-37DE1AFA7D89}.Debug.ActiveCfg = Debug|Win32
		{5BD4C525-D89B-403E-8552-37DE1AFA7D89}.Debug.Build.0 = Debug|Win32
		{5BD4C525-D89B-403E-8552-37DE1AFA7D89}.Release.ActiveCfg = Release|Win32
		{5BD4C525-D89B-403E-8552-37DE1AFA7D89}.Release.Build.0 = Release|Win32
		{5BD4C525-D89B-403E-8552-37DE1AFA7D89}.Unicode Debug.ActiveCfg = Unicode Debug|Win32
		{5BD4C525-D89B-403E-8552-37DE1AFA7D89}.Unicode Debug.Build.0 = Unicode Debug|Win32
		{5BD4C525-D89B-403E-8552-37DE1AFA7D89}.Unicode Release.ActiveCfg = Unicode Release|Win32
		{5BD4C525-D89B-403E-8552-37DE1AFA7D89}.Unicode Release.Build.0 = Unicode Release|Win32
		{E433467C-BEB7-471A-8568-031CD5D5478D}.Debug.ActiveCfg = Debug|Win32
		{E433467C-BEB7-471A-8568-031CD5D5478D}.Debug.Build.0 = Debug|Win32
		{E433467C-BEB7-471A-8568-031CD5D5478D}.Release.ActiveCfg = Release|Win32
		{E433467C-BEB7-471A-8568-031CD5D5478D}.Release.Build.0 = Release|Win32
		{E433467C-BEB7-471A-8568-031CD5D5478D}.Unicode Debug.ActiveCfg = Unicode Debug|Win32
		{E433467C-BEB7-471A-8568-031CD5D5478D}.Unicode Debug.Build.0 = Unicode Debug|Win32
		{E433467C-BEB7-471A-8568-031CD5D5478D}.Unicode Release.ActiveCfg = Unicode Release|Win32
		{E433467C-BEB7-471A-8568-031CD5D5478D}.Unicode Release.Build.0 = Unicode Release|Win32
	EndGlobalSection
	GlobalSection(ExtensibilityGlobals) = postSolution
	EndGlobalSection
	GlobalSection(ExtensibilityAddIns) = postSolution
	EndGlobalSection
EndGlobal
